
Microsoft Visual Studio Solution File, Format Version 12.00
# Visual Studio Version 16
VisualStudioVersion = 16.0.31025.194
MinimumVisualStudioVersion = 10.0.40219.1
Project("{FAE04EC0-301F-11D3-BF4B-00C04F79EFBC}") = "HelloAspNet", "HelloAspNet\HelloAspNet.csproj", "{95EE2290-566B-4140-968C-3518AF415BCD}"
EndProject
Project("{FAE04EC0-301F-11D3-BF4B-00C04F79EFBC}") = "HelloAspNet.Tests", "HelloAspNet.Tests\HelloAspNet.Tests.csproj", "{FF3B87D3-CDD9-4C53-A8A2-2F47BCC198B0}"
EndProject
Project("{FAE04EC0-301F-11D3-BF4B-00C04F79EFBC}") = "FirstWebApp", "FirstWebApp\FirstWebApp.csproj", "{391D06CC-EBB6-4600-BABC-8D4161644BD1}"
EndProject
Project("{FAE04EC0-301F-11D3-BF4B-00C04F79EFBC}") = "ValidationWebApp", "ValidationWebApp\ValidationWebApp.csproj", "{EE66900E-F483-4FB6-A28A-9D8060919AD1}"
EndProject
Project("{FAE04EC0-301F-11D3-BF4B-00C04F79EFBC}") = "TemplateWebApp", "TemplateWebApp\TemplateWebApp.csproj", "{99190F38-F888-4100-A3BD-802F28D6231A}"
EndProject
Project("{FAE04EC0-301F-11D3-BF4B-00C04F79EFBC}") = "StateMngWebApp", "StateMngWebApp\StateMngWebApp.csproj", "{7721AB64-56D4-4F69-B0ED-D04AEE54117E}"
EndProject
Project("{FAE04EC0-301F-11D3-BF4B-00C04F79EFBC}") = "DBHandlingWebApp", "DBHandlingWebApp\DBHandlingWebApp.csproj", "{BC7E085E-2FED-40AE-997E-F0F22F5C7A87}"
EndProject
Project("{FAE04EC0-301F-11D3-BF4B-00C04F79EFBC}") = "DataControlWebApp", "DataControlWebApp\DataControlWebApp.csproj", "{A1DB4A65-4711-4A46-83C4-6E6EA05EDEA7}"
EndProject
Project("{00D1A9C2-B5F0-4AF3-8072-F6C62B433612}") = "TestDB_Database", "TestDB_Database\TestDB_Database.sqlproj", "{8D0140F8-5F32-4BA2-B3C9-2E242836251B}"
EndProject
Project("{FAE04EC0-301F-11D3-BF4B-00C04F79EFBC}") = "LoginWebApp", "LoginWebApp\LoginWebApp.csproj", "{41977F72-8165-4B47-91BA-096DCC00FB8B}"
EndProject
Global
	GlobalSection(SolutionConfigurationPlatforms) = preSolution
		Debug|Any CPU = Debug|Any CPU
		Release|Any CPU = Release|Any CPU
	EndGlobalSection
	GlobalSection(ProjectConfigurationPlatforms) = postSolution
		{95EE2290-566B-4140-968C-3518AF415BCD}.Debug|Any CPU.ActiveCfg = Debug|Any CPU
		{95EE2290-566B-4140-968C-3518AF415BCD}.Debug|Any CPU.Build.0 = Debug|Any CPU
		{95EE2290-566B-4140-968C-3518AF415BCD}.Release|Any CPU.ActiveCfg = Release|Any CPU
		{95EE2290-566B-4140-968C-3518AF415BCD}.Release|Any CPU.Build.0 = Release|Any CPU
		{FF3B87D3-CDD9-4C53-A8A2-2F47BCC198B0}.Debug|Any CPU.ActiveCfg = Debug|Any CPU
		{FF3B87D3-CDD9-4C53-A8A2-2F47BCC198B0}.Debug|Any CPU.Build.0 = Debug|Any CPU
		{FF3B87D3-CDD9-4C53-A8A2-2F47BCC198B0}.Release|Any CPU.ActiveCfg = Release|Any CPU
		{FF3B87D3-CDD9-4C53-A8A2-2F47BCC198B0}.Release|Any CPU.Build.0 = Release|Any CPU
		{391D06CC-EBB6-4600-BABC-8D4161644BD1}.Debug|Any CPU.ActiveCfg = Debug|Any CPU
		{391D06CC-EBB6-4600-BABC-8D4161644BD1}.Debug|Any CPU.Build.0 = Debug|Any CPU
		{391D06CC-EBB6-4600-BABC-8D4161644BD1}.Release|Any CPU.ActiveCfg = Release|Any CPU
		{391D06CC-EBB6-4600-BABC-8D4161644BD1}.Release|Any CPU.Build.0 = Release|Any CPU
		{EE66900E-F483-4FB6-A28A-9D8060919AD1}.Debug|Any CPU.ActiveCfg = Debug|Any CPU
		{EE66900E-F483-4FB6-A28A-9D8060919AD1}.Debug|Any CPU.Build.0 = Debug|Any CPU
		{EE66900E-F483-4FB6-A28A-9D8060919AD1}.Release|Any CPU.ActiveCfg = Release|Any CPU
		{EE66900E-F483-4FB6-A28A-9D8060919AD1}.Release|Any CPU.Build.0 = Release|Any CPU
		{99190F38-F888-4100-A3BD-802F28D6231A}.Debug|Any CPU.ActiveCfg = Debug|Any CPU
		{99190F38-F888-4100-A3BD-802F28D6231A}.Debug|Any CPU.Build.0 = Debug|Any CPU
		{99190F38-F888-4100-A3BD-802F28D6231A}.Release|Any CPU.ActiveCfg = Release|Any CPU
		{99190F38-F888-4100-A3BD-802F28D6231A}.Release|Any CPU.Build.0 = Release|Any CPU
		{7721AB64-56D4-4F69-B0ED-D04AEE54117E}.Debug|Any CPU.ActiveCfg = Debug|Any CPU
		{7721AB64-56D4-4F69-B0ED-D04AEE54117E}.Debug|Any CPU.Build.0 = Debug|Any CPU
		{7721AB64-56D4-4F69-B0ED-D04AEE54117E}.Release|Any CPU.ActiveCfg = Release|Any CPU
		{7721AB64-56D4-4F69-B0ED-D04AEE54117E}.Release|Any CPU.Build.0 = Release|Any CPU
		{BC7E085E-2FED-40AE-997E-F0F22F5C7A87}.Debug|Any CPU.ActiveCfg = Debug|Any CPU
		{BC7E085E-2FED-40AE-997E-F0F22F5C7A87}.Debug|Any CPU.Build.0 = Debug|Any CPU
		{BC7E085E-2FED-40AE-997E-F0F22F5C7A87}.Release|Any CPU.ActiveCfg = Release|Any CPU
		{BC7E085E-2FED-40AE-997E-F0F22F5C7A87}.Release|Any CPU.Build.0 = Release|Any CPU
		{A1DB4A65-4711-4A46-83C4-6E6EA05EDEA7}.Debug|Any CPU.ActiveCfg = Debug|Any CPU
		{A1DB4A65-4711-4A46-83C4-6E6EA05EDEA7}.Debug|Any CPU.Build.0 = Debug|Any CPU
		{A1DB4A65-4711-4A46-83C4-6E6EA05EDEA7}.Release|Any CPU.ActiveCfg = Release|Any CPU
		{A1DB4A65-4711-4A46-83C4-6E6EA05EDEA7}.Release|Any CPU.Build.0 = Release|Any CPU
		{8D0140F8-5F32-4BA2-B3C9-2E242836251B}.Debug|Any CPU.ActiveCfg = Debug|Any CPU
		{8D0140F8-5F32-4BA2-B3C9-2E242836251B}.Debug|Any CPU.Build.0 = Debug|Any CPU
		{8D0140F8-5F32-4BA2-B3C9-2E242836251B}.Debug|Any CPU.Deploy.0 = Debug|Any CPU
		{8D0140F8-5F32-4BA2-B3C9-2E242836251B}.Release|Any CPU.ActiveCfg = Release|Any CPU
		{8D0140F8-5F32-4BA2-B3C9-2E242836251B}.Release|Any CPU.Build.0 = Release|Any CPU
		{8D0140F8-5F32-4BA2-B3C9-2E242836251B}.Release|Any CPU.Deploy.0 = Release|Any CPU
		{41977F72-8165-4B47-91BA-096DCC00FB8B}.Debug|Any CPU.ActiveCfg = Debug|Any CPU
		{41977F72-8165-4B47-91BA-096DCC00FB8B}.Debug|Any CPU.Build.0 = Debug|Any CPU
		{41977F72-8165-4B47-91BA-096DCC00FB8B}.Release|Any CPU.ActiveCfg = Release|Any CPU
		{41977F72-8165-4B47-91BA-096DCC00FB8B}.Release|Any CPU.Build.0 = Release|Any CPU
	EndGlobalSection
	GlobalSection(SolutionProperties) = preSolution
		HideSolutionNode = FALSE
	EndGlobalSection
	GlobalSection(ExtensibilityGlobals) = postSolution
		SolutionGuid = {11C39CBE-4BA0-4E97-A60B-769D23760E71}
	EndGlobalSection
EndGlobal
